
Microsoft Visual Studio Solution File, Format Version 12.00
# Visual Studio Version 17
VisualStudioVersion = 17.6.33712.159
MinimumVisualStudioVersion = 10.0.40219.1
Project("{FAE04EC0-301F-11D3-BF4B-00C04F79EFBC}") = "Precentacion", "Precentacion\Precentacion.csproj", "{695A42AC-496C-4999-986C-70B61370E1C5}"
EndProject
Project("{FAE04EC0-301F-11D3-BF4B-00C04F79EFBC}") = "Dominio", "Dominio\Dominio.csproj", "{3A64746C-76CF-4027-96A5-6E7B36CF68B5}"
EndProject
Project("{FAE04EC0-301F-11D3-BF4B-00C04F79EFBC}") = "Negocio", "Negocio\Negocio.csproj", "{06DF721C-B1BA-4B20-90A9-6DF9E7C7B1E1}"
EndProject
Global
	GlobalSection(SolutionConfigurationPlatforms) = preSolution
		Debug|Any CPU = Debug|Any CPU
		Release|Any CPU = Release|Any CPU
	EndGlobalSection
	GlobalSection(ProjectConfigurationPlatforms) = postSolution
		{695A42AC-496C-4999-986C-70B61370E1C5}.Debug|Any CPU.ActiveCfg = Debug|Any CPU
		{695A42AC-496C-4999-986C-70B61370E1C5}.Debug|Any CPU.Build.0 = Debug|Any CPU
		{695A42AC-496C-4999-986C-70B61370E1C5}.Release|Any CPU.ActiveCfg = Release|Any CPU
		{695A42AC-496C-4999-986C-70B61370E1C5}.Release|Any CPU.Build.0 = Release|Any CPU
		{3A64746C-76CF-4027-96A5-6E7B36CF68B5}.Debug|Any CPU.ActiveCfg = Debug|Any CPU
		{3A64746C-76CF-4027-96A5-6E7B36CF68B5}.Debug|Any CPU.Build.0 = Debug|Any CPU
		{3A64746C-76CF-4027-96A5-6E7B36CF68B5}.Release|Any CPU.ActiveCfg = Release|Any CPU
		{3A64746C-76CF-4027-96A5-6E7B36CF68B5}.Release|Any CPU.Build.0 = Release|Any CPU
		{06DF721C-B1BA-4B20-90A9-6DF9E7C7B1E1}.Debug|Any CPU.ActiveCfg = Debug|Any CPU
		{06DF721C-B1BA-4B20-90A9-6DF9E7C7B1E1}.Debug|Any CPU.Build.0 = Debug|Any CPU
		{06DF721C-B1BA-4B20-90A9-6DF9E7C7B1E1}.Release|Any CPU.ActiveCfg = Release|Any CPU
		{06DF721C-B1BA-4B20-90A9-6DF9E7C7B1E1}.Release|Any CPU.Build.0 = Release|Any CPU
	EndGlobalSection
	GlobalSection(SolutionProperties) = preSolution
		HideSolutionNode = FALSE
	EndGlobalSection
	GlobalSection(ExtensibilityGlobals) = postSolution
		SolutionGuid = {E3161C48-9ED0-405C-A64B-DB7D34946630}
	EndGlobalSection
EndGlobal
